// !$*UTF8*$!
{
	archiveVersion = 1;
	classes = {
	};
	objectVersion = 56;
	objects = {

/* Begin PBXBuildFile section */
		112D832F2E11955800785543 /* DayPhotosView.swift in Sources */ = {isa = PBXBuildFile; fileRef = 112D832E2E11955800785543 /* DayPhotosView.swift */; };
		11509E562E1AB02D00DFA9BD /* AlbumCard.swift in Sources */ = {isa = PBXBuildFile; fileRef = 11509E552E1AB02100DFA9BD /* AlbumCard.swift */; };
		11DAC3B92E10692400DB5EBA /* LifelineApp.swift in Sources */ = {isa = PBXBuildFile; fileRef = 11DAC3B82E10692400DB5EBA /* LifelineApp.swift */; };
		11DAC3BB2E10692400DB5EBA /* ContentView.swift in Sources */ = {isa = PBXBuildFile; fileRef = 11DAC3BA2E10692400DB5EBA /* ContentView.swift */; };
		11DAC3BD2E10692500DB5EBA /* Assets.xcassets in Resources */ = {isa = PBXBuildFile; fileRef = 11DAC3BC2E10692500DB5EBA /* Assets.xcassets */; };
		11DAC3C02E10692500DB5EBA /* Preview Assets.xcassets in Resources */ = {isa = PBXBuildFile; fileRef = 11DAC3BF2E10692500DB5EBA /* Preview Assets.xcassets */; };
		11DAC3DA2E1069E900DB5EBA /* CreateAlbumSheet.swift in Sources */ = {isa = PBXBuildFile; fileRef = 11DAC3CF2E1069E900DB5EBA /* CreateAlbumSheet.swift */; };
		11DAC3DB2E1069E900DB5EBA /* HomeViewModel.swift in Sources */ = {isa = PBXBuildFile; fileRef = 11DAC3D02E1069E900DB5EBA /* HomeViewModel.swift */; };
		11DAC3DC2E1069E900DB5EBA /* HomeView.swift in Sources */ = {isa = PBXBuildFile; fileRef = 11DAC3D12E1069E900DB5EBA /* HomeView.swift */; };
		11DAC3DD2E1069E900DB5EBA /* Album.swift in Sources */ = {isa = PBXBuildFile; fileRef = 11DAC3D32E1069E900DB5EBA /* Album.swift */; };
		11DAC3DE2E1069E900DB5EBA /* Photo.swift in Sources */ = {isa = PBXBuildFile; fileRef = 11DAC3D42E1069E900DB5EBA /* Photo.swift */; };
		11DAC3DF2E1069E900DB5EBA /* FetchPhotos.swift in Sources */ = {isa = PBXBuildFile; fileRef = 11DAC3D62E1069E900DB5EBA /* FetchPhotos.swift */; };
		11DAC3E02E1069E900DB5EBA /* DateUtils.swift in Sources */ = {isa = PBXBuildFile; fileRef = 11DAC3D72E1069E900DB5EBA /* DateUtils.swift */; };
		11DAC3E12E1069E900DB5EBA /* TimelineView.swift in Sources */ = {isa = PBXBuildFile; fileRef = 11DAC3D92E1069E900DB5EBA /* TimelineView.swift */; };
/* End PBXBuildFile section */

/* Begin PBXFileReference section */
		112D832E2E11955800785543 /* DayPhotosView.swift */ = {isa = PBXFileReference; lastKnownFileType = sourcecode.swift; path = DayPhotosView.swift; sourceTree = "<group>"; };
		11509E552E1AB02100DFA9BD /* AlbumCard.swift */ = {isa = PBXFileReference; lastKnownFileType = sourcecode.swift; path = AlbumCard.swift; sourceTree = "<group>"; };
		11DAC3B52E10692400DB5EBA /* Lifeline.app */ = {isa = PBXFileReference; explicitFileType = wrapper.application; includeInIndex = 0; path = Lifeline.app; sourceTree = BUILT_PRODUCTS_DIR; };
		11DAC3B82E10692400DB5EBA /* LifelineApp.swift */ = {isa = PBXFileReference; lastKnownFileType = sourcecode.swift; path = LifelineApp.swift; sourceTree = "<group>"; };
		11DAC3BA2E10692400DB5EBA /* ContentView.swift */ = {isa = PBXFileReference; lastKnownFileType = sourcecode.swift; path = ContentView.swift; sourceTree = "<group>"; };
		11DAC3BC2E10692500DB5EBA /* Assets.xcassets */ = {isa = PBXFileReference; lastKnownFileType = folder.assetcatalog; path = Assets.xcassets; sourceTree = "<group>"; };
		11DAC3BF2E10692500DB5EBA /* Preview Assets.xcassets */ = {isa = PBXFileReference; lastKnownFileType = folder.assetcatalog; path = "Preview Assets.xcassets"; sourceTree = "<group>"; };
		11DAC3CF2E1069E900DB5EBA /* CreateAlbumSheet.swift */ = {isa = PBXFileReference; fileEncoding = 4; lastKnownFileType = sourcecode.swift; path = CreateAlbumSheet.swift; sourceTree = "<group>"; };
		11DAC3D02E1069E900DB5EBA /* HomeViewModel.swift */ = {isa = PBXFileReference; fileEncoding = 4; lastKnownFileType = sourcecode.swift; path = HomeViewModel.swift; sourceTree = "<group>"; };
		11DAC3D12E1069E900DB5EBA /* HomeView.swift */ = {isa = PBXFileReference; fileEncoding = 4; lastKnownFileType = sourcecode.swift; path = HomeView.swift; sourceTree = "<group>"; };
		11DAC3D32E1069E900DB5EBA /* Album.swift */ = {isa = PBXFileReference; fileEncoding = 4; lastKnownFileType = sourcecode.swift; path = Album.swift; sourceTree = "<group>"; };
		11DAC3D42E1069E900DB5EBA /* Photo.swift */ = {isa = PBXFileReference; fileEncoding = 4; lastKnownFileType = sourcecode.swift; path = Photo.swift; sourceTree = "<group>"; };
		11DAC3D62E1069E900DB5EBA /* FetchPhotos.swift */ = {isa = PBXFileReference; fileEncoding = 4; lastKnownFileType = sourcecode.swift; path = FetchPhotos.swift; sourceTree = "<group>"; };
		11DAC3D72E1069E900DB5EBA /* DateUtils.swift */ = {isa = PBXFileReference; fileEncoding = 4; lastKnownFileType = sourcecode.swift; path = DateUtils.swift; sourceTree = "<group>"; };
		11DAC3D92E1069E900DB5EBA /* TimelineView.swift */ = {isa = PBXFileReference; fileEncoding = 4; lastKnownFileType = sourcecode.swift; path = TimelineView.swift; sourceTree = "<group>"; };
		11DAC3E22E106BDD00DB5EBA /* Info.plist */ = {isa = PBXFileReference; lastKnownFileType = text.plist.xml; path = Info.plist; sourceTree = "<group>"; };
/* End PBXFileReference section */

/* Begin PBXFrameworksBuildPhase section */
		11DAC3B22E10692400DB5EBA /* Frameworks */ = {
			isa = PBXFrameworksBuildPhase;
			buildActionMask = 2147483647;
			files = (
			);
			runOnlyForDeploymentPostprocessing = 0;
		};
/* End PBXFrameworksBuildPhase section */

/* Begin PBXGroup section */
		11DAC3AC2E10692400DB5EBA = {
			isa = PBXGroup;
			children = (
				11DAC3E22E106BDD00DB5EBA /* Info.plist */,
				11DAC3B72E10692400DB5EBA /* Lifeline */,
				11DAC3B62E10692400DB5EBA /* Products */,
			);
			sourceTree = "<group>";
		};
		11DAC3B62E10692400DB5EBA /* Products */ = {
			isa = PBXGroup;
			children = (
				11DAC3B52E10692400DB5EBA /* Lifeline.app */,
			);
			name = Products;
			sourceTree = "<group>";
		};
		11DAC3B72E10692400DB5EBA /* Lifeline */ = {
			isa = PBXGroup;
			children = (
				11DAC3D82E1069E900DB5EBA /* Timeline */,
				11DAC3CE2E1069E900DB5EBA /* Home */,
				11DAC3D22E1069E900DB5EBA /* Models */,
				11DAC3D52E1069E900DB5EBA /* Utils */,
				11DAC3B82E10692400DB5EBA /* LifelineApp.swift */,
				11DAC3BA2E10692400DB5EBA /* ContentView.swift */,
				11DAC3BC2E10692500DB5EBA /* Assets.xcassets */,
				11DAC3BE2E10692500DB5EBA /* Preview Content */,
			);
			path = Lifeline;
			sourceTree = "<group>";
		};
		11DAC3BE2E10692500DB5EBA /* Preview Content */ = {
			isa = PBXGroup;
			children = (
				11DAC3BF2E10692500DB5EBA /* Preview Assets.xcassets */,
			);
			path = "Preview Content";
			sourceTree = "<group>";
		};
		11DAC3CE2E1069E900DB5EBA /* Home */ = {
			isa = PBXGroup;
			children = (
				11509E552E1AB02100DFA9BD /* AlbumCard.swift */,
				11DAC3CF2E1069E900DB5EBA /* CreateAlbumSheet.swift */,
				11DAC3D02E1069E900DB5EBA /* HomeViewModel.swift */,
				11DAC3D12E1069E900DB5EBA /* HomeView.swift */,
			);
			path = Home;
			sourceTree = "<group>";
		};
		11DAC3D22E1069E900DB5EBA /* Models */ = {
			isa = PBXGroup;
			children = (
				11DAC3D32E1069E900DB5EBA /* Album.swift */,
				11DAC3D42E1069E900DB5EBA /* Photo.swift */,
			);
			path = Models;
			sourceTree = "<group>";
		};
		11DAC3D52E1069E900DB5EBA /* Utils */ = {
			isa = PBXGroup;
			children = (
				11DAC3D62E1069E900DB5EBA /* FetchPhotos.swift */,
				11DAC3D72E1069E900DB5EBA /* DateUtils.swift */,
			);
			path = Utils;
			sourceTree = "<group>";
		};
		11DAC3D82E1069E900DB5EBA /* Timeline */ = {
			isa = PBXGroup;
			children = (
				112D832E2E11955800785543 /* DayPhotosView.swift */,
				11DAC3D92E1069E900DB5EBA /* TimelineView.swift */,
			);
			path = Timeline;
			sourceTree = "<group>";
		};
/* End PBXGroup section */

/* Begin PBXNativeTarget section */
		11DAC3B42E10692400DB5EBA /* Lifeline */ = {
			isa = PBXNativeTarget;
			buildConfigurationList = 11DAC3C32E10692500DB5EBA /* Build configuration list for PBXNativeTarget "Lifeline" */;
			buildPhases = (
				11DAC3B12E10692400DB5EBA /* Sources */,
				11DAC3B22E10692400DB5EBA /* Frameworks */,
				11DAC3B32E10692400DB5EBA /* Resources */,
			);
			buildRules = (
			);
			dependencies = (
			);
			name = Lifeline;
			productName = Lifeline;
			productReference = 11DAC3B52E10692400DB5EBA /* Lifeline.app */;
			productType = "com.apple.product-type.application";
		};
/* End PBXNativeTarget section */

/* Begin PBXProject section */
		11DAC3AD2E10692400DB5EBA /* Project object */ = {
			isa = PBXProject;
			attributes = {
				BuildIndependentTargetsInParallel = 1;
				LastSwiftUpdateCheck = 1430;
				LastUpgradeCheck = 1430;
				TargetAttributes = {
					11DAC3B42E10692400DB5EBA = {
						CreatedOnToolsVersion = 14.3.1;
					};
				};
			};
			buildConfigurationList = 11DAC3B02E10692400DB5EBA /* Build configuration list for PBXProject "Lifeline" */;
			compatibilityVersion = "Xcode 14.0";
			developmentRegion = en;
			hasScannedForEncodings = 0;
			knownRegions = (
				en,
				Base,
			);
			mainGroup = 11DAC3AC2E10692400DB5EBA;
			productRefGroup = 11DAC3B62E10692400DB5EBA /* Products */;
			projectDirPath = "";
			projectRoot = "";
			targets = (
				11DAC3B42E10692400DB5EBA /* Lifeline */,
			);
		};
/* End PBXProject section */

/* Begin PBXResourcesBuildPhase section */
		11DAC3B32E10692400DB5EBA /* Resources */ = {
			isa = PBXResourcesBuildPhase;
			buildActionMask = 2147483647;
			files = (
				11DAC3C02E10692500DB5EBA /* Preview Assets.xcassets in Resources */,
				11DAC3BD2E10692500DB5EBA /* Assets.xcassets in Resources */,
			);
			runOnlyForDeploymentPostprocessing = 0;
		};
/* End PBXResourcesBuildPhase section */

/* Begin PBXSourcesBuildPhase section */
		11DAC3B12E10692400DB5EBA /* Sources */ = {
			isa = PBXSourcesBuildPhase;
			buildActionMask = 2147483647;
			files = (
				11DAC3DE2E1069E900DB5EBA /* Photo.swift in Sources */,
				11509E562E1AB02D00DFA9BD /* AlbumCard.swift in Sources */,
				11DAC3BB2E10692400DB5EBA /* ContentView.swift in Sources */,
				11DAC3B92E10692400DB5EBA /* LifelineApp.swift in Sources */,
				112D832F2E11955800785543 /* DayPhotosView.swift in Sources */,
				11DAC3E12E1069E900DB5EBA /* TimelineView.swift in Sources */,
				11DAC3DF2E1069E900DB5EBA /* FetchPhotos.swift in Sources */,
				11DAC3E02E1069E900DB5EBA /* DateUtils.swift in Sources */,
				11DAC3DA2E1069E900DB5EBA /* CreateAlbumSheet.swift in Sources */,
				11DAC3DC2E1069E900DB5EBA /* HomeView.swift in Sources */,
				11DAC3DB2E1069E900DB5EBA /* HomeViewModel.swift in Sources */,
				11DAC3DD2E1069E900DB5EBA /* Album.swift in Sources */,
			);
			runOnlyForDeploymentPostprocessing = 0;
		};
/* End PBXSourcesBuildPhase section */

/* Begin XCBuildConfiguration section */
		11DAC3C12E10692500DB5EBA /* Debug */ = {
			isa = XCBuildConfiguration;
			buildSettings = {
				ALWAYS_SEARCH_USER_PATHS = NO;
				CLANG_ANALYZER_NONNULL = YES;
				CLANG_ANALYZER_NUMBER_OBJECT_CONVERSION = YES_AGGRESSIVE;
				CLANG_CXX_LANGUAGE_STANDARD = "gnu++20";
				CLANG_ENABLE_MODULES = YES;
				CLANG_ENABLE_OBJC_ARC = YES;
				CLANG_ENABLE_OBJC_WEAK = YES;
				CLANG_WARN_BLOCK_CAPTURE_AUTORELEASING = YES;
				CLANG_WARN_BOOL_CONVERSION = YES;
				CLANG_WARN_COMMA = YES;
				CLANG_WARN_CONSTANT_CONVERSION = YES;
				CLANG_WARN_DEPRECATED_OBJC_IMPLEMENTATIONS = YES;
				CLANG_WARN_DIRECT_OBJC_ISA_USAGE = YES_ERROR;
				CLANG_WARN_DOCUMENTATION_COMMENTS = YES;
				CLANG_WARN_EMPTY_BODY = YES;
				CLANG_WARN_ENUM_CONVERSION = YES;
				CLANG_WARN_INFINITE_RECURSION = YES;
				CLANG_WARN_INT_CONVERSION = YES;
				CLANG_WARN_NON_LITERAL_NULL_CONVERSION = YES;
				CLANG_WARN_OBJC_IMPLICIT_RETAIN_SELF = YES;
				CLANG_WARN_OBJC_LITERAL_CONVERSION = YES;
				CLANG_WARN_OBJC_ROOT_CLASS = YES_ERROR;
				CLANG_WARN_QUOTED_INCLUDE_IN_FRAMEWORK_HEADER = YES;
				CLANG_WARN_RANGE_LOOP_ANALYSIS = YES;
				CLANG_WARN_STRICT_PROTOTYPES = YES;
				CLANG_WARN_SUSPICIOUS_MOVE = YES;
				CLANG_WARN_UNGUARDED_AVAILABILITY = YES_AGGRESSIVE;
				CLANG_WARN_UNREACHABLE_CODE = YES;
				CLANG_WARN__DUPLICATE_METHOD_MATCH = YES;
				COPY_PHASE_STRIP = NO;
				DEBUG_INFORMATION_FORMAT = dwarf;
				ENABLE_STRICT_OBJC_MSGSEND = YES;
				ENABLE_TESTABILITY = YES;
				GCC_C_LANGUAGE_STANDARD = gnu11;
				GCC_DYNAMIC_NO_PIC = NO;
				GCC_NO_COMMON_BLOCKS = YES;
				GCC_OPTIMIZATION_LEVEL = 0;
				GCC_PREPROCESSOR_DEFINITIONS = (
					"DEBUG=1",
					"$(inherited)",
				);
				GCC_WARN_64_TO_32_BIT_CONVERSION = YES;
				GCC_WARN_ABOUT_RETURN_TYPE = YES_ERROR;
				GCC_WARN_UNDECLARED_SELECTOR = YES;
				GCC_WARN_UNINITIALIZED_AUTOS = YES_AGGRESSIVE;
				GCC_WARN_UNUSED_FUNCTION = YES;
				GCC_WARN_UNUSED_VARIABLE = YES;
				IPHONEOS_DEPLOYMENT_TARGET = 17.6;
				MTL_ENABLE_DEBUG_INFO = INCLUDE_SOURCE;
				MTL_FAST_MATH = YES;
				ONLY_ACTIVE_ARCH = YES;
				SDKROOT = iphoneos;
				SWIFT_ACTIVE_COMPILATION_CONDITIONS = DEBUG;
				SWIFT_OPTIMIZATION_LEVEL = "-Onone";
			};
			name = Debug;
		};
		11DAC3C22E10692500DB5EBA /* Release */ = {
			isa = XCBuildConfiguration;
			buildSettings = {
				ALWAYS_SEARCH_USER_PATHS = NO;
				CLANG_ANALYZER_NONNULL = YES;
				CLANG_ANALYZER_NUMBER_OBJECT_CONVERSION = YES_AGGRESSIVE;
				CLANG_CXX_LANGUAGE_STANDARD = "gnu++20";
				CLANG_ENABLE_MODULES = YES;
				CLANG_ENABLE_OBJC_ARC = YES;
				CLANG_ENABLE_OBJC_WEAK = YES;
				CLANG_WARN_BLOCK_CAPTURE_AUTORELEASING = YES;
				CLANG_WARN_BOOL_CONVERSION = YES;
				CLANG_WARN_COMMA = YES;
				CLANG_WARN_CONSTANT_CONVERSION = YES;
				CLANG_WARN_DEPRECATED_OBJC_IMPLEMENTATIONS = YES;
				CLANG_WARN_DIRECT_OBJC_ISA_USAGE = YES_ERROR;
				CLANG_WARN_DOCUMENTATION_COMMENTS = YES;
				CLANG_WARN_EMPTY_BODY = YES;
				CLANG_WARN_ENUM_CONVERSION = YES;
				CLANG_WARN_INFINITE_RECURSION = YES;
				CLANG_WARN_INT_CONVERSION = YES;
				CLANG_WARN_NON_LITERAL_NULL_CONVERSION = YES;
				CLANG_WARN_OBJC_IMPLICIT_RETAIN_SELF = YES;
				CLANG_WARN_OBJC_LITERAL_CONVERSION = YES;
				CLANG_WARN_OBJC_ROOT_CLASS = YES_ERROR;
				CLANG_WARN_QUOTED_INCLUDE_IN_FRAMEWORK_HEADER = YES;
				CLANG_WARN_RANGE_LOOP_ANALYSIS = YES;
				CLANG_WARN_STRICT_PROTOTYPES = YES;
				CLANG_WARN_SUSPICIOUS_MOVE = YES;
				CLANG_WARN_UNGUARDED_AVAILABILITY = YES_AGGRESSIVE;
				CLANG_WARN_UNREACHABLE_CODE = YES;
				CLANG_WARN__DUPLICATE_METHOD_MATCH = YES;
				COPY_PHASE_STRIP = NO;
				DEBUG_INFORMATION_FORMAT = "dwarf-with-dsym";
				ENABLE_NS_ASSERTIONS = NO;
				ENABLE_STRICT_OBJC_MSGSEND = YES;
				GCC_C_LANGUAGE_STANDARD = gnu11;
				GCC_NO_COMMON_BLOCKS = YES;
				GCC_WARN_64_TO_32_BIT_CONVERSION = YES;
				GCC_WARN_ABOUT_RETURN_TYPE = YES_ERROR;
				GCC_WARN_UNDECLARED_SELECTOR = YES;
				GCC_WARN_UNINITIALIZED_AUTOS = YES_AGGRESSIVE;
				GCC_WARN_UNUSED_FUNCTION = YES;
				GCC_WARN_UNUSED_VARIABLE = YES;
				IPHONEOS_DEPLOYMENT_TARGET = 17.6;
				MTL_ENABLE_DEBUG_INFO = NO;
				MTL_FAST_MATH = YES;
				SDKROOT = iphoneos;
				SWIFT_COMPILATION_MODE = wholemodule;
				SWIFT_OPTIMIZATION_LEVEL = "-O";
				VALIDATE_PRODUCT = YES;
			};
			name = Release;
		};
		11DAC3C42E10692500DB5EBA /* Debug */ = {
			isa = XCBuildConfiguration;
			buildSettings = {
				ASSETCATALOG_COMPILER_APPICON_NAME = AppIcon;
				ASSETCATALOG_COMPILER_GLOBAL_ACCENT_COLOR_NAME = AccentColor;
				CODE_SIGN_STYLE = Automatic;
				CURRENT_PROJECT_VERSION = 1;
				DEVELOPMENT_ASSET_PATHS = "\"Lifeline/Preview Content\"";
				DEVELOPMENT_TEAM = CS35BFHWHS;
				ENABLE_PREVIEWS = YES;
				GENERATE_INFOPLIST_FILE = NO;
				"INFOPLIST_FILE[sdk=*]" = "$(SRCROOT)/Info.plist";
				INFOPLIST_KEY_UIApplicationSceneManifest_Generation = YES;
				INFOPLIST_KEY_UIApplicationSupportsIndirectInputEvents = YES;
				INFOPLIST_KEY_UILaunchScreen_Generation = YES;
				INFOPLIST_KEY_UISupportedInterfaceOrientations_iPad = "UIInterfaceOrientationPortrait UIInterfaceOrientationPortraitUpsideDown UIInterfaceOrientationLandscapeLeft UIInterfaceOrientationLandscapeRight";
				INFOPLIST_KEY_UISupportedInterfaceOrientations_iPhone = "UIInterfaceOrientationPortrait UIInterfaceOrientationLandscapeLeft UIInterfaceOrientationLandscapeRight";
				LD_RUNPATH_SEARCH_PATHS = (
					"$(inherited)",
					"@executable_path/Frameworks",
				);
				MARKETING_VERSION = 1.0;
				PRODUCT_BUNDLE_IDENTIFIER = io.github.Lifeline;
				PRODUCT_NAME = "$(TARGET_NAME)";
				SWIFT_EMIT_LOC_STRINGS = YES;
				SWIFT_VERSION = 5.0;
				TARGETED_DEVICE_FAMILY = "1,2";
			};
			name = Debug;
		};
		11DAC3C52E10692500DB5EBA /* Release */ = {
			isa = XCBuildConfiguration;
			buildSettings = {
				ASSETCATALOG_COMPILER_APPICON_NAME = AppIcon;
				ASSETCATALOG_COMPILER_GLOBAL_ACCENT_COLOR_NAME = AccentColor;
				CODE_SIGN_STYLE = Automatic;
				CURRENT_PROJECT_VERSION = 1;
				DEVELOPMENT_ASSET_PATHS = "\"Lifeline/Preview Content\"";
				DEVELOPMENT_TEAM = CS35BFHWHS;
				ENABLE_PREVIEWS = YES;
				GENERATE_INFOPLIST_FILE = NO;
				INFOPLIST_KEY_UIApplicationSceneManifest_Generation = YES;
				INFOPLIST_KEY_UIApplicationSupportsIndirectInputEvents = YES;
				INFOPLIST_KEY_UILaunchScreen_Generation = YES;
				INFOPLIST_KEY_UISupportedInterfaceOrientations_iPad = "UIInterfaceOrientationPortrait UIInterfaceOrientationPortraitUpsideDown UIInterfaceOrientationLandscapeLeft UIInterfaceOrientationLandscapeRight";
				INFOPLIST_KEY_UISupportedInterfaceOrientations_iPhone = "UIInterfaceOrientationPortrait UIInterfaceOrientationLandscapeLeft UIInterfaceOrientationLandscapeRight";
				LD_RUNPATH_SEARCH_PATHS = (
					"$(inherited)",
					"@executable_path/Frameworks",
				);
				MARKETING_VERSION = 1.0;
				PRODUCT_BUNDLE_IDENTIFIER = io.github.Lifeline;
				PRODUCT_NAME = "$(TARGET_NAME)";
				SWIFT_EMIT_LOC_STRINGS = YES;
				SWIFT_VERSION = 5.0;
				TARGETED_DEVICE_FAMILY = "1,2";
			};
			name = Release;
		};
/* End XCBuildConfiguration section */

/* Begin XCConfigurationList section */
		11DAC3B02E10692400DB5EBA /* Build configuration list for PBXProject "Lifeline" */ = {
			isa = XCConfigurationList;
			buildConfigurations = (
				11DAC3C12E10692500DB5EBA /* Debug */,
				11DAC3C22E10692500DB5EBA /* Release */,
			);
			defaultConfigurationIsVisible = 0;
			defaultConfigurationName = Release;
		};
		11DAC3C32E10692500DB5EBA /* Build configuration list for PBXNativeTarget "Lifeline" */ = {
			isa = XCConfigurationList;
			buildConfigurations = (
				11DAC3C42E10692500DB5EBA /* Debug */,
				11DAC3C52E10692500DB5EBA /* Release */,
			);
			defaultConfigurationIsVisible = 0;
			defaultConfigurationName = Release;
		};
/* End XCConfigurationList section */
	};
	rootObject = 11DAC3AD2E10692400DB5EBA /* Project object */;
}
